PODS:
  - Alamofire (4.0.1)
  - SwiftDate (4.0.7)
  - SwiftyJSON (3.1.1)

DEPENDENCIES:
  - Alamofire (~> 4.0)
  - SwiftDate (~> 4.0)
  - SwiftyJSON

SPEC CHECKSUMS:
  Alamofire: 7682d43245de14874acd142ec137b144aa1dd335
  SwiftDate: 0efb04a6751b1ab804049b2b09a69848cd304c12
  SwiftyJSON: f0be2e604f83e8405a624e9f891898bf6ed4e019

PODFILE CHECKSUM: 1293e830246040c3a34ce71c64b513ee346a39e0

COCOAPODS: 1.1.1
